
Microsoft Visual Studio Solution File, Format Version 12.00
# Visual Studio Version 16
VisualStudioVersion = 16.0.29920.165
MinimumVisualStudioVersion = 10.0.40219.1
Project("{FAE04EC0-301F-11D3-BF4B-00C04F79EFBC}") = "KhaoSatBenhVien.Service", "KhaoSatBenhVien.Service\KhaoSatBenhVien.Service.csproj", "{ABE05358-D141-4718-8604-BE710ED9AE0C}"
EndProject
Global
	GlobalSection(SolutionConfigurationPlatforms) = preSolution
		Debug|Any CPU = Debug|Any CPU
		Release|Any CPU = Release|Any CPU
	EndGlobalSection
	GlobalSection(ProjectConfigurationPlatforms) = postSolution
		{ABE05358-D141-4718-8604-BE710ED9AE0C}.Debug|Any CPU.ActiveCfg = Debug|Any CPU
		{ABE05358-D141-4718-8604-BE710ED9AE0C}.Debug|Any CPU.Build.0 = Debug|Any CPU
		{ABE05358-D141-4718-8604-BE710ED9AE0C}.Release|Any CPU.ActiveCfg = Release|Any CPU
		{ABE05358-D141-4718-8604-BE710ED9AE0C}.Release|Any CPU.Build.0 = Release|Any CPU
	EndGlobalSection
	GlobalSection(SolutionProperties) = preSolution
		HideSolutionNode = FALSE
	EndGlobalSection
	GlobalSection(ExtensibilityGlobals) = postSolution
		SolutionGuid = {C5D816D4-5F1A-4A85-B401-ED293EE55590}
	EndGlobalSection
EndGlobal
